PODS:
  - FBSnapshotTestCase (2.1.4):
    - FBSnapshotTestCase/SwiftSupport (= 2.1.4)
  - FBSnapshotTestCase/Core (2.1.4)
  - FBSnapshotTestCase/SwiftSupport (2.1.4):
    - FBSnapshotTestCase/Core
  - FCBaseOCKit (0.0.2)
  - FCCollectionViewLayout/ObjC (0.0.13)

DEPENDENCIES:
  - FBSnapshotTestCase
  - FCBaseOCKit (from `../`)
  - FCCollectionViewLayout/ObjC

SPEC REPOS:
  trunk:
    - FBSnapshotTestCase
    - FCCollectionViewLayout

EXTERNAL SOURCES:
  FCBaseOCKit:
    :path: "../"

SPEC CHECKSUMS:
  FBSnapshotTestCase: 094f9f314decbabe373b87cc339bea235a63e07a
  FCBaseOCKit: ac3d4fc59319d2bd4f812693638fc64352369fbf
  FCCollectionViewLayout: 307061711cc819948d9e2b4e8afee188d9231b68

PODFILE CHECKSUM: 8ad100093e3b9b568735ba0b136cd07c22d51f66

COCOAPODS: 1.10.1
