PODS:
  - FBSnapshotTestCase (2.1.4):
    - FBSnapshotTestCase/SwiftSupport (= 2.1.4)
  - FBSnapshotTestCase/Core (2.1.4)
  - FBSnapshotTestCase/SwiftSupport (2.1.4):
    - FBSnapshotTestCase/Core
  - FCBaseOCKit (0.0.2)

DEPENDENCIES:
  - FBSnapshotTestCase
  - FCBaseOCKit (from `../`)

SPEC REPOS:
  trunk:
    - FBSnapshotTestCase

EXTERNAL SOURCES:
  FCBaseOCKit:
    :path: "../"

SPEC CHECKSUMS:
  FBSnapshotTestCase: 094f9f314decbabe373b87cc339bea235a63e07a
  FCBaseOCKit: ac3d4fc59319d2bd4f812693638fc64352369fbf

PODFILE CHECKSUM: e07b15cad040abc954485a5a51f3dfde58c82ed4

COCOAPODS: 1.10.1
